
Microsoft Visual Studio Solution File, Format Version 12.00
# Visual Studio Version 17
VisualStudioVersion = 17.5.002.0
MinimumVisualStudioVersion = 10.0.40219.1
Project("{FAE04EC0-301F-11D3-BF4B-00C04F79EFBC}") = "PlaywrightTests", "PlaywrightTests\PlaywrightTests.csproj", "{BBE98ED8-6198-41BF-9AF9-7FDE1B851CA6}"
EndProject
Project("{FAE04EC0-301F-11D3-BF4B-00C04F79EFBC}") = "Chirp.IntegrationTests", "Chirp.IntegrationTests\Chirp.IntegrationTests.csproj", "{37B9F346-375F-4712-B042-015F07B43E7D}"
EndProject
Global
	GlobalSection(SolutionConfigurationPlatforms) = preSolution
		Debug|Any CPU = Debug|Any CPU
		Release|Any CPU = Release|Any CPU
	EndGlobalSection
	GlobalSection(ProjectConfigurationPlatforms) = postSolution
		{BBE98ED8-6198-41BF-9AF9-7FDE1B851CA6}.Debug|Any CPU.ActiveCfg = Debug|Any CPU
		{BBE98ED8-6198-41BF-9AF9-7FDE1B851CA6}.Debug|Any CPU.Build.0 = Debug|Any CPU
		{BBE98ED8-6198-41BF-9AF9-7FDE1B851CA6}.Release|Any CPU.ActiveCfg = Release|Any CPU
		{BBE98ED8-6198-41BF-9AF9-7FDE1B851CA6}.Release|Any CPU.Build.0 = Release|Any CPU
		{37B9F346-375F-4712-B042-015F07B43E7D}.Debug|Any CPU.ActiveCfg = Debug|Any CPU
		{37B9F346-375F-4712-B042-015F07B43E7D}.Debug|Any CPU.Build.0 = Debug|Any CPU
		{37B9F346-375F-4712-B042-015F07B43E7D}.Release|Any CPU.ActiveCfg = Release|Any CPU
		{37B9F346-375F-4712-B042-015F07B43E7D}.Release|Any CPU.Build.0 = Release|Any CPU
	EndGlobalSection
	GlobalSection(SolutionProperties) = preSolution
		HideSolutionNode = FALSE
	EndGlobalSection
	GlobalSection(ExtensibilityGlobals) = postSolution
		SolutionGuid = {4B4AA574-9D28-43D6-954F-2D7747981D21}
	EndGlobalSection
EndGlobal
