
Microsoft Visual Studio Solution File, Format Version 12.00
# Visual Studio Version 17
VisualStudioVersion = 17.0.31903.59
MinimumVisualStudioVersion = 10.0.40219.1
Project("{2150E333-8FDC-42A3-9474-1A3956D46DE8}") = "src", "src", "{AB76718C-7E56-4465-BD42-39D4BF65AFF8}"
EndProject
Project("{FAE04EC0-301F-11D3-BF4B-00C04F79EFBC}") = "Chirp.Razor", "src\Chirp.Razor\Chirp.Razor.csproj", "{8F0091F4-41EC-4DC3-80C9-625754D3D5A7}"
EndProject
Global
	GlobalSection(SolutionConfigurationPlatforms) = preSolution
		Debug|Any CPU = Debug|Any CPU
		Release|Any CPU = Release|Any CPU
	EndGlobalSection
	GlobalSection(SolutionProperties) = preSolution
		HideSolutionNode = FALSE
	EndGlobalSection
	GlobalSection(ProjectConfigurationPlatforms) = postSolution
		{8F0091F4-41EC-4DC3-80C9-625754D3D5A7}.Debug|Any CPU.ActiveCfg = Debug|Any CPU
		{8F0091F4-41EC-4DC3-80C9-625754D3D5A7}.Debug|Any CPU.Build.0 = Debug|Any CPU
		{8F0091F4-41EC-4DC3-80C9-625754D3D5A7}.Release|Any CPU.ActiveCfg = Release|Any CPU
		{8F0091F4-41EC-4DC3-80C9-625754D3D5A7}.Release|Any CPU.Build.0 = Release|Any CPU
	EndGlobalSection
	GlobalSection(NestedProjects) = preSolution
		{8F0091F4-41EC-4DC3-80C9-625754D3D5A7} = {AB76718C-7E56-4465-BD42-39D4BF65AFF8}
	EndGlobalSection
EndGlobal
